
Microsoft Visual Studio Solution File, Format Version 12.00
# Visual Studio Version 17
VisualStudioVersion = 17.9.34622.214
MinimumVisualStudioVersion = 10.0.40219.1
Project("{9A19103F-16F7-4668-BE54-9A1E7A4F7556}") = "Femc Config Adjuster", "Femc Config Adjuster\Femc Config Adjuster.csproj", "{93BB220E-0DF9-47E8-A297-782BD5EE4487}"
EndProject
Project("{9A19103F-16F7-4668-BE54-9A1E7A4F7556}") = "FemcConfig.Library", "FemcConfig.Library\FemcConfig.Library.csproj", "{06CD8E54-F126-4970-9CB6-BDC320B7A978}"
EndProject
Project("{9A19103F-16F7-4668-BE54-9A1E7A4F7556}") = "FemcConfig.Tests", "FemcConfig.Tests\FemcConfig.Tests.csproj", "{991E3B58-5EFA-48DC-9FCE-487BE4E68CDB}"
EndProject
Project("{FAE04EC0-301F-11D3-BF4B-00C04F79EFBC}") = "FemcConfig.Localisation", "FemcConfig.Localisation\FemcConfig.Localisation.csproj", "{B2ADEEF4-1EDF-43C5-B808-E181ED4FA43E}"
EndProject
Global
	GlobalSection(SolutionConfigurationPlatforms) = preSolution
		Debug|Any CPU = Debug|Any CPU
		Release|Any CPU = Release|Any CPU
	EndGlobalSection
	GlobalSection(ProjectConfigurationPlatforms) = postSolution
		{93BB220E-0DF9-47E8-A297-782BD5EE4487}.Debug|Any CPU.ActiveCfg = Release|Any CPU
		{93BB220E-0DF9-47E8-A297-782BD5EE4487}.Debug|Any CPU.Build.0 = Release|Any CPU
		{93BB220E-0DF9-47E8-A297-782BD5EE4487}.Release|Any CPU.ActiveCfg = Release|Any CPU
		{93BB220E-0DF9-47E8-A297-782BD5EE4487}.Release|Any CPU.Build.0 = Release|Any CPU
		{06CD8E54-F126-4970-9CB6-BDC320B7A978}.Debug|Any CPU.ActiveCfg = Release|Any CPU
		{06CD8E54-F126-4970-9CB6-BDC320B7A978}.Debug|Any CPU.Build.0 = Release|Any CPU
		{06CD8E54-F126-4970-9CB6-BDC320B7A978}.Release|Any CPU.ActiveCfg = Release|Any CPU
		{06CD8E54-F126-4970-9CB6-BDC320B7A978}.Release|Any CPU.Build.0 = Release|Any CPU
		{991E3B58-5EFA-48DC-9FCE-487BE4E68CDB}.Debug|Any CPU.ActiveCfg = Release|Any CPU
		{991E3B58-5EFA-48DC-9FCE-487BE4E68CDB}.Debug|Any CPU.Build.0 = Release|Any CPU
		{991E3B58-5EFA-48DC-9FCE-487BE4E68CDB}.Release|Any CPU.ActiveCfg = Release|Any CPU
		{991E3B58-5EFA-48DC-9FCE-487BE4E68CDB}.Release|Any CPU.Build.0 = Release|Any CPU
		{B2ADEEF4-1EDF-43C5-B808-E181ED4FA43E}.Debug|Any CPU.ActiveCfg = Debug|Any CPU
		{B2ADEEF4-1EDF-43C5-B808-E181ED4FA43E}.Debug|Any CPU.Build.0 = Debug|Any CPU
		{B2ADEEF4-1EDF-43C5-B808-E181ED4FA43E}.Release|Any CPU.ActiveCfg = Release|Any CPU
		{B2ADEEF4-1EDF-43C5-B808-E181ED4FA43E}.Release|Any CPU.Build.0 = Release|Any CPU
	EndGlobalSection
	GlobalSection(SolutionProperties) = preSolution
		HideSolutionNode = FALSE
	EndGlobalSection
	GlobalSection(ExtensibilityGlobals) = postSolution
		SolutionGuid = {6525C0E6-942C-48DD-A52A-2E9E8916C6D8}
	EndGlobalSection
EndGlobal
